
Microsoft Visual Studio Solution File, Format Version 12.00
# Visual Studio Version 16
VisualStudioVersion = 16.0.31829.152
MinimumVisualStudioVersion = 10.0.40219.1
Project("{FAE04EC0-301F-11D3-BF4B-00C04F79EFBC}") = "WpfApp19m", "WpfApp19m\WpfApp19m.csproj", "{FF8CE7F5-F544-4B03-B371-86374B9F6582}"
EndProject
Global
	GlobalSection(SolutionConfigurationPlatforms) = preSolution
		Debug|Any CPU = Debug|Any CPU
		Release|Any CPU = Release|Any CPU
	EndGlobalSection
	GlobalSection(ProjectConfigurationPlatforms) = postSolution
		{FF8CE7F5-F544-4B03-B371-86374B9F6582}.Debug|Any CPU.ActiveCfg = Debug|Any CPU
		{FF8CE7F5-F544-4B03-B371-86374B9F6582}.Debug|Any CPU.Build.0 = Debug|Any CPU
		{FF8CE7F5-F544-4B03-B371-86374B9F6582}.Release|Any CPU.ActiveCfg = Release|Any CPU
		{FF8CE7F5-F544-4B03-B371-86374B9F6582}.Release|Any CPU.Build.0 = Release|Any CPU
	EndGlobalSection
	GlobalSection(SolutionProperties) = preSolution
		HideSolutionNode = FALSE
	EndGlobalSection
	GlobalSection(ExtensibilityGlobals) = postSolution
		SolutionGuid = {4BBCF321-A384-4A43-B218-1F22E8FD5C9B}
	EndGlobalSection
EndGlobal
